
Microsoft Visual Studio Solution File, Format Version 12.00
# Visual Studio Version 16
VisualStudioVersion = 16.0.30907.101
MinimumVisualStudioVersion = 10.0.40219.1
Project("{FAE04EC0-301F-11D3-BF4B-00C04F79EFBC}") = "WebApplication1", "WebApplication1\WebApplication1.csproj", "{8F696E27-CD62-4DC8-8824-1AA5346FD46F}"
EndProject
Global
	GlobalSection(SolutionConfigurationPlatforms) = preSolution
		Debug|Any CPU = Debug|Any CPU
		Release|Any CPU = Release|Any CPU
	EndGlobalSection
	GlobalSection(ProjectConfigurationPlatforms) = postSolution
		{8F696E27-CD62-4DC8-8824-1AA5346FD46F}.Debug|Any CPU.ActiveCfg = Debug|Any CPU
		{8F696E27-CD62-4DC8-8824-1AA5346FD46F}.Debug|Any CPU.Build.0 = Debug|Any CPU
		{8F696E27-CD62-4DC8-8824-1AA5346FD46F}.Release|Any CPU.ActiveCfg = Release|Any CPU
		{8F696E27-CD62-4DC8-8824-1AA5346FD46F}.Release|Any CPU.Build.0 = Release|Any CPU
	EndGlobalSection
	GlobalSection(SolutionProperties) = preSolution
		HideSolutionNode = FALSE
	EndGlobalSection
	GlobalSection(ExtensibilityGlobals) = postSolution
		SolutionGuid = {F1F670D8-8836-4624-872B-64F689D6CFE6}
	EndGlobalSection
EndGlobal
